
Microsoft Visual Studio Solution File, Format Version 12.00
# Visual Studio Version 16
VisualStudioVersion = 16.0.30804.86
MinimumVisualStudioVersion = 10.0.40219.1
Project("{9A19103F-16F7-4668-BE54-9A1E7A4F7556}") = "DapperASPNetCore", "DapperASPNetCore\DapperASPNetCore.csproj", "{77DC0F59-E72C-43A2-B8C6-D2F08340A351}"
EndProject
Project("{FAE04EC0-301F-11D3-BF4B-00C04F79EFBC}") = "UnitTests", "UnitTests\UnitTests.csproj", "{37768A1F-1963-4D82-91D6-4EFB59E90E3E}"
EndProject
Global
	GlobalSection(SolutionConfigurationPlatforms) = preSolution
		Debug|Any CPU = Debug|Any CPU
		Release|Any CPU = Release|Any CPU
	EndGlobalSection
	GlobalSection(ProjectConfigurationPlatforms) = postSolution
		{77DC0F59-E72C-43A2-B8C6-D2F08340A351}.Debug|Any CPU.ActiveCfg = Debug|Any CPU
		{77DC0F59-E72C-43A2-B8C6-D2F08340A351}.Debug|Any CPU.Build.0 = Debug|Any CPU
		{77DC0F59-E72C-43A2-B8C6-D2F08340A351}.Release|Any CPU.ActiveCfg = Release|Any CPU
		{77DC0F59-E72C-43A2-B8C6-D2F08340A351}.Release|Any CPU.Build.0 = Release|Any CPU
		{37768A1F-1963-4D82-91D6-4EFB59E90E3E}.Debug|Any CPU.ActiveCfg = Debug|Any CPU
		{37768A1F-1963-4D82-91D6-4EFB59E90E3E}.Debug|Any CPU.Build.0 = Debug|Any CPU
		{37768A1F-1963-4D82-91D6-4EFB59E90E3E}.Release|Any CPU.ActiveCfg = Release|Any CPU
		{37768A1F-1963-4D82-91D6-4EFB59E90E3E}.Release|Any CPU.Build.0 = Release|Any CPU
	EndGlobalSection
	GlobalSection(SolutionProperties) = preSolution
		HideSolutionNode = FALSE
	EndGlobalSection
	GlobalSection(ExtensibilityGlobals) = postSolution
		SolutionGuid = {B742187E-116A-4B0A-BF6E-4C87A60794AA}
	EndGlobalSection
EndGlobal
